// !$*UTF8*$!
{
	archiveVersion = 1;
	classes = {
	};
	objectVersion = 46;
	objects = {

		A5E070A764637DE46C2A326C = {isa = PBXBuildFile; fileRef = 9ECC8F634BA8DCCDAA97D27B; };
		C56644A59EF140DD8E6C0F93 = {isa = PBXBuildFile; fileRef = 88E7C03B589EC9C1A248773B; };
		43C0C7207D6AFBD70EB12075 = {isa = PBXBuildFile; fileRef = 6B443605FFCFE8FA6F0DEDE8; };
		324C9893041A6A169214329D = {isa = PBXBuildFile; fileRef = 9D2C41C57A04691063873EDB; };
		950660AF64B42E6539397A28 = {isa = PBXBuildFile; fileRef = 915E9293459AD25E20D4C16A; };
		CD191D4EAABC0C718742477C = {isa = PBXBuildFile; fileRef = C50AB0BFAD239F5CA57876B8; };
		83FDA667CD13FEF6B58B66B2 = {isa = PBXBuildFile; fileRef = 200F888B984C74D821CC65A0; };
		FA7D3D9F764DC9C81399B11A = {isa = PBXBuildFile; fileRef = 275491F8B24944C5ABDFCE09; };
		2EC721F1FFB42CB7D24A80CB = {isa = PBXBuildFile; fileRef = BACA85788C197E487BACC45F; };
		5C8083AD7F1B16EAAD1E3C9F = {isa = PBXBuildFile; fileRef = 15A8663D07A91926F0DEFBE4; };
		AE59FA2840054DF3239182B4 = {isa = PBXBuildFile; fileRef = D67EE33CBB779AF526AB0613; };
		19528EA09539D2BCFF68635F = {isa = PBXBuildFile; fileRef = 039D5D779295E222BC2B1ECE; };
		7B290AE36D609BACF6EEDE8D = {isa = PBXBuildFile; fileRef = 5586A477269E9B9C1EA8B30A; };
		526ED22BE2FE741857A763D4 = {isa = PBXBuildFile; fileRef = 7A8148780D7C55675B0D64D5; };
		351948990CB081F43E1F7493 = {isa = PBXBuildFile; fileRef = F7BD64E507B5039604E28102; };
		BC658EBBC1C9A5A3A175EDBC = {isa = PBXBuildFile; fileRef = 834322CC86758FD6926F05DB; };
		2B0B58A2874DD4D6967EEAB2 = {isa = PBXBuildFile; fileRef = 02A7CEEE51BE6BC5FA72F833; };
		EABDD8496552707F6ADEEDFC = {isa = PBXBuildFile; fileRef = 4EAE7347DD8A2ADF784EDFDA; };
		7F006F479151DDF2D0C5C34F = {isa = PBXBuildFile; fileRef = 8C53EAC233C7BD24A769EBC6; };
		0E09FCED8020D587D42DC3CA = {isa = PBXBuildFile; fileRef = B6ED0BCF5C033A2AB1D599CB; };
		FDB97770F8B69BC2E7D40F30 = {isa = PBXBuildFile; fileRef = 352CE1F83AB7C8E480AD5C4D; };
		C53713C3A0FCFBFF4D58A343 = {isa = PBXBuildFile; fileRef = 2AB90B5CE040B19374B34D02; };
		1741E8A4AC797CAE799BCC8B = {isa = PBXBuildFile; fileRef = 34E6ECE1AFBD99970BBF85C3; };
		D0ED9F6E31488870F3A092F3 = {isa = PBXBuildFile; fileRef = 54AA7A54EB6D23030D2E15C1; };
		22F3FA43F882CB7E3A2DCDF3 = {isa = PBXBuildFile; fileRef = 2D39D2EC94D3A4A24086EC1F; };
		524900B0AC9DA5D435A3F48D = {isa = PBXBuildFile; fileRef = C3A9FC606582CB33B6E5F630; };
		05C83B4CCCF640ED88F457E5 = {isa = PBXBuildFile; fileRef = 3B8586D33636DD23122E81FA; };
		17088932505971DFA8FC61B2 = {isa = PBXBuildFile; fileRef = F80350BC2B7017CB8A7381A9; };
		EC140A07E9FD6D1C07B4381E = {isa = PBXBuildFile; fileRef = FA24C6905D2B6A89E5AABF52; };
		B677EE771299C66C4FF4DB08 = {isa = PBXBuildFile; fileRef = 9F148078CD4AA73A92A0F356; };
		2C03A47DEA7336D80050AB9C = {isa = PBXBuildFile; fileRef = BA7C85773CB441FC7A95DA54; };
		3F1A3229BEDFC430235C0114 = {isa = PBXBuildFile; fileRef = 94F050CA8D30F830A1A0AE9F; };
		FFD5767BB17ACF62BE35F337 = {isa = PBXBuildFile; fileRef = 411144CD68520452E2A5669F; };
		89B59F8C6D3C3D84171C7667 = {isa = PBXBuildFile; fileRef = 0BFE01274504C77A429F7500; };
		7E250DA3B0A716A8FD1E8BD3 = {isa = PBXBuildFile; fileRef = 10BB2AD5BAE0D3E3634B5103; };
		E25F272B93FE7FB319788F1F = {isa = PBXBuildFile; fileRef = E44B87C8FE990E95EAE69EDD; };
		5730B38EE89652E214E6BCFC = {isa = PBXBuildFile; fileRef = FE75487D663193504E29ABBF; };
		1EFADFE8F5C1C6F541BA7D6F = {isa = PBXBuildFile; fileRef = 8F2F70809051764AD87712CF; };
		7AEA30449C99386381F06ED6 = {isa = PBXBuildFile; fileRef = 98AE56C7934D59BE02CF9823; };
		44A258DE8EB9F01EA05D5EB9 = {isa = PBXBuildFile; fileRef = 80AEC2299D7DEA3414D133BC; };
		513F36BC4066C22DC1599488 = {isa = PBXBuildFile; fileRef = 0FE2B20D023E41D078201B5D; };
		CFCB24AC309623ACAD3369FA = {isa = PBXBuildFile; fileRef = F93C69500917788E78E4B33A; };
		471DD23D0330A0045C3F092C = {isa = PBXBuildFile; fileRef = 27580A31B9857FE6D28B79CB; };
		472939236C4E51CA5EA48EA1 = {isa = PBXBuildFile; fileRef = B9D97FD2E841A123DA26E679; };
		B266467C20356373E03423E8 = {isa = PBXBuildFile; fileRef = 3F4BF606436C8AADE548E26A; };
		F9A30F3EEF7667372AD460F0 = {isa = PBXBuildFile; fileRef = 7BED591483DCC003A743FD35; };
		DE4D339B701CD08478D0D3B6 = {isa = PBXBuildFile; fileRef = 1AB985901D87B36A0B043C5F; };
		2E1451BFB686340411B003D1 = {isa = PBXBuildFile; fileRef = 87D95D75543E27D068DE6298; };
		7FFAE439A74757A8D32F476A = {isa = PBXBuildFile; fileRef = 4803A9E9F3306C8EF39807D9; };
		3C7057A5C489065ACD7B0AF6 = {isa = PBXBuildFile; fileRef = 47849CE88A5B9BE0F0F28CCD; };
		64ABA8379D2D22574E42627A = {isa = PBXBuildFile; fileRef = A90FE53C52440444493B27A9; };
		3FE47CD83047A07F5E4E4A74 = {isa = PBXBuildFile; fileRef = 060B33AD1C6B7ECC8418B30A; };
		3E0EE1AEE841A43166B4452D = {isa = PBXBuildFile; fileRef = A6B6D91F13435FF906A2468C; };
		02A7CEEE51BE6BC5FA72F833 = {isa = PBXFileReference; lastKnownFileType = sourcecode.cpp.cpp; name = CFAssetManager.cpp; path = ../../Source/CFAssetManager.cpp; sourceTree = "SOURCE_ROOT"; };
		039D5D779295E222BC2B1ECE = {isa = PBXFileReference; lastKnownFileType = wrapper.framework; name = OpenGL.framework; path = System/Library/Frameworks/OpenGL.framework; sourceTree = SDKROOT; };
		0492A05F6339091CD6B798FE = {isa = PBXFileReference; lastKnownFileType = image.png; name = charging.png; path = ../../Resources/charging.png; sourceTree = "SOURCE_ROOT"; };
		060B33AD1C6B7ECC8418B30A = {isa = PBXFileReference; lastKnownFileType = sourcecode.cpp.cpp; name = "include_juce_osc.cpp"; path = "../../JuceLibraryCode/include_juce_osc.cpp"; sourceTree = "SOURCE_ROOT"; };
		0BFE01274504C77A429F7500 = {isa = PBXFileReference; lastKnownFileType = sourcecode.cpp.cpp; name = CFEngine.cpp; path = ../../Source/CFEngine.cpp; sourceTree = "SOURCE_ROOT"; };
		0FE2B20D023E41D078201B5D = {isa = PBXFileReference; lastKnownFileType = sourcecode.cpp.objcpp; name = "include_juce_audio_formats.mm"; path = "../../JuceLibraryCode/include_juce_audio_formats.mm"; sourceTree = "SOURCE_ROOT"; };
		10BB2AD5BAE0D3E3634B5103 = {isa = PBXFileReference; lastKnownFileType = sourcecode.cpp.cpp; name = Main.cpp; path = ../../Source/Main.cpp; sourceTree = "SOURCE_ROOT"; };
		13866FB030F26BB5A0D81964 = {isa = PBXFileReference; lastKnownFileType = sourcecode.c.h; name = ControllerManagerUI.h; path = ../../Source/ControllerManagerUI.h; sourceTree = "SOURCE_ROOT"; };
		15A8663D07A91926F0DEFBE4 = {isa = PBXFileReference; lastKnownFileType = wrapper.framework; name = CoreMIDI.framework; path = System/Library/Frameworks/CoreMIDI.framework; sourceTree = SDKROOT; };
		1669B95BDB765A126F51FE63 = {isa = PBXFileReference; lastKnownFileType = image.png; name = lowbattery.png; path = ../../Resources/lowbattery.png; sourceTree = "SOURCE_ROOT"; };
		1A30DB5287C93D9403174375 = {isa = PBXFileReference; lastKnownFileType = image.png; name = out.png; path = ../../Resources/out.png; sourceTree = "SOURCE_ROOT"; };
		1AB985901D87B36A0B043C5F = {isa = PBXFileReference; lastKnownFileType = sourcecode.cpp.objcpp; name = "include_juce_graphics.mm"; path = "../../JuceLibraryCode/include_juce_graphics.mm"; sourceTree = "SOURCE_ROOT"; };
		1C46417D82FEC76F82BC55AC = {isa = PBXFileReference; lastKnownFileType = sourcecode.c.h; name = DroneManagerUI.h; path = ../../Source/DroneManagerUI.h; sourceTree = "SOURCE_ROOT"; };
		1FF9F2612BC7BCCECDB0D008 = {isa = PBXFileReference; lastKnownFileType = sourcecode.c.h; name = Node.h; path = ../../Source/Node.h; sourceTree = "SOURCE_ROOT"; };
		200F888B984C74D821CC65A0 = {isa = PBXFileReference; lastKnownFileType = wrapper.framework; name = Cocoa.framework; path = System/Library/Frameworks/Cocoa.framework; sourceTree = SDKROOT; };
		20623FAE2B18AA0A4AAD6639 = {isa = PBXFileReference; lastKnownFileType = file; name = "juce_opengl"; path = "~/JUCE/modules/juce_opengl"; sourceTree = "<absolute>"; };
		20707D95B4D008E29B61BD2D = {isa = PBXFileReference; lastKnownFileType = file; name = "juce_audio_basics"; path = "~/JUCE/modules/juce_audio_basics"; sourceTree = "<absolute>"; };
		275491F8B24944C5ABDFCE09 = {isa = PBXFileReference; lastKnownFileType = wrapper.framework; name = CoreAudio.framework; path = System/Library/Frameworks/CoreAudio.framework; sourceTree = SDKROOT; };
		27580A31B9857FE6D28B79CB = {isa = PBXFileReference; lastKnownFileType = sourcecode.cpp.objcpp; name = "include_juce_core.mm"; path = "../../JuceLibraryCode/include_juce_core.mm"; sourceTree = "SOURCE_ROOT"; };
		2A0F1D51F223D53216E2EDBA = {isa = PBXFileReference; lastKnownFileType = sourcecode.c.h; name = NodeManager.h; path = ../../Source/NodeManager.h; sourceTree = "SOURCE_ROOT"; };
		2AB90B5CE040B19374B34D02 = {isa = PBXFileReference; lastKnownFileType = sourcecode.cpp.cpp; name = ControllerManager.cpp; path = ../../Source/ControllerManager.cpp; sourceTree = "SOURCE_ROOT"; };
		2B1E16F89177D3F0FE97786C = {isa = PBXFileReference; lastKnownFileType = image.png; name = flying.png; path = ../../Resources/flying.png; sourceTree = "SOURCE_ROOT"; };
		2B60B8723C59F16360F87EFB = {isa = PBXFileReference; lastKnownFileType = file; name = "juce_gui_basics"; path = "~/JUCE/modules/juce_gui_basics"; sourceTree = "<absolute>"; };
		2CAE68FBF417A43E563E1FA7 = {isa = PBXFileReference; lastKnownFileType = image.png; name = icon.png; path = ../../Resources/icon.png; sourceTree = "SOURCE_ROOT"; };
		2D39D2EC94D3A4A24086EC1F = {isa = PBXFileReference; lastKnownFileType = sourcecode.cpp.cpp; name = Crazyradio.cpp; path = "../../External/crazyflie_cpp/src/Crazyradio.cpp"; sourceTree = "SOURCE_ROOT"; };
		34E6ECE1AFBD99970BBF85C3 = {isa = PBXFileReference; lastKnownFileType = sourcecode.cpp.cpp; name = Crazyflie.cpp; path = "../../External/crazyflie_cpp/src/Crazyflie.cpp"; sourceTree = "SOURCE_ROOT"; };
		352CE1F83AB7C8E480AD5C4D = {isa = PBXFileReference; lastKnownFileType = sourcecode.cpp.cpp; name = Controller.cpp; path = ../../Source/Controller.cpp; sourceTree = "SOURCE_ROOT"; };
		39D785222A20EFF1C1638E09 = {isa = PBXFileReference; lastKnownFileType = sourcecode.c.h; name = Drone.h; path = ../../Source/Drone.h; sourceTree = "SOURCE_ROOT"; };
		3B8586D33636DD23122E81FA = {isa = PBXFileReference; lastKnownFileType = sourcecode.cpp.cpp; name = DroneManagerUI.cpp; path = ../../Source/DroneManagerUI.cpp; sourceTree = "SOURCE_ROOT"; };
		3CBA55AF4193EE6B295441C4 = {isa = PBXFileReference; lastKnownFileType = file; name = "juce_core"; path = "~/JUCE/modules/juce_core"; sourceTree = "<absolute>"; };
		3F4BF606436C8AADE548E26A = {isa = PBXFileReference; lastKnownFileType = sourcecode.cpp.objcpp; name = "include_juce_data_structures.mm"; path = "../../JuceLibraryCode/include_juce_data_structures.mm"; sourceTree = "SOURCE_ROOT"; };
		3FF2C3F58F52F330522D0668 = {isa = PBXFileReference; lastKnownFileType = file; name = "juce_data_structures"; path = "~/JUCE/modules/juce_data_structures"; sourceTree = "<absolute>"; };
		411144CD68520452E2A5669F = {isa = PBXFileReference; lastKnownFileType = sourcecode.cpp.cpp; name = NodeManager.cpp; path = ../../Source/NodeManager.cpp; sourceTree = "SOURCE_ROOT"; };
		43C51CCF24F41E6909D942F4 = {isa = PBXFileReference; lastKnownFileType = sourcecode.c.h; name = OSCController.h; path = ../../Source/OSCController.h; sourceTree = "SOURCE_ROOT"; };
		43CD8D02A2A6D3FCAEA3B8E5 = {isa = PBXFileReference; lastKnownFileType = image.png; name = in.png; path = ../../Resources/in.png; sourceTree = "SOURCE_ROOT"; };
		47849CE88A5B9BE0F0F28CCD = {isa = PBXFileReference; lastKnownFileType = sourcecode.cpp.objcpp; name = "include_juce_opengl.mm"; path = "../../JuceLibraryCode/include_juce_opengl.mm"; sourceTree = "SOURCE_ROOT"; };
		4803A9E9F3306C8EF39807D9 = {isa = PBXFileReference; lastKnownFileType = sourcecode.cpp.objcpp; name = "include_juce_gui_extra.mm"; path = "../../JuceLibraryCode/include_juce_gui_extra.mm"; sourceTree = "SOURCE_ROOT"; };
		4EAE7347DD8A2ADF784EDFDA = {isa = PBXFileReference; lastKnownFileType = sourcecode.cpp.cpp; name = ControllerManagerUI.cpp; path = ../../Source/ControllerManagerUI.cpp; sourceTree = "SOURCE_ROOT"; };
		538543D3C37ADE2E2F905036 = {isa = PBXFileReference; lastKnownFileType = file; name = "juce_audio_formats"; path = "~/JUCE/modules/juce_audio_formats"; sourceTree = "<absolute>"; };
		53A7A8C9B7316274BB9AD6EE = {isa = PBXFileReference; lastKnownFileType = file; name = "juce_events"; path = "~/JUCE/modules/juce_events"; sourceTree = "<absolute>"; };
		54AA7A54EB6D23030D2E15C1 = {isa = PBXFileReference; lastKnownFileType = sourcecode.cpp.cpp; name = CrazyflieUSB.cpp; path = "../../External/crazyflie_cpp/src/CrazyflieUSB.cpp"; sourceTree = "SOURCE_ROOT"; };
		5586A477269E9B9C1EA8B30A = {isa = PBXFileReference; lastKnownFileType = wrapper.framework; name = QuartzCore.framework; path = System/Library/Frameworks/QuartzCore.framework; sourceTree = SDKROOT; };
		5F232DD202EF2835DA243EBC = {isa = PBXFileReference; lastKnownFileType = text.plist.xml; name = "Info-App.plist"; path = "Info-App.plist"; sourceTree = "SOURCE_ROOT"; };
		6B443605FFCFE8FA6F0DEDE8 = {isa = PBXFileReference; lastKnownFileType = wrapper.framework; name = AudioToolbox.framework; path = System/Library/Frameworks/AudioToolbox.framework; sourceTree = SDKROOT; };
		6C63EA0C8C410A78B9C73F56 = {isa = PBXFileReference; lastKnownFileType = file; name = "juce_audio_processors"; path = "~/JUCE/modules/juce_audio_processors"; sourceTree = "<absolute>"; };
		7A8148780D7C55675B0D64D5 = {isa = PBXFileReference; lastKnownFileType = wrapper.framework; name = WebKit.framework; path = System/Library/Frameworks/WebKit.framework; sourceTree = SDKROOT; };
		7BED591483DCC003A743FD35 = {isa = PBXFileReference; lastKnownFileType = sourcecode.cpp.objcpp; name = "include_juce_events.mm"; path = "../../JuceLibraryCode/include_juce_events.mm"; sourceTree = "SOURCE_ROOT"; };
		7CEBA6BF09EDF44BC790D542 = {isa = PBXFileReference; lastKnownFileType = file; name = "juce_gui_extra"; path = "~/JUCE/modules/juce_gui_extra"; sourceTree = "<absolute>"; };
		80AEC2299D7DEA3414D133BC = {isa = PBXFileReference; lastKnownFileType = sourcecode.cpp.objcpp; name = "include_juce_audio_devices.mm"; path = "../../JuceLibraryCode/include_juce_audio_devices.mm"; sourceTree = "SOURCE_ROOT"; };
		82AE44E06C637FC1F213F3AB = {isa = PBXFileReference; lastKnownFileType = sourcecode.c.h; name = ControllerManager.h; path = ../../Source/ControllerManager.h; sourceTree = "SOURCE_ROOT"; };
		834322CC86758FD6926F05DB = {isa = PBXFileReference; lastKnownFileType = file.icns; name = Icon.icns; path = Icon.icns; sourceTree = "SOURCE_ROOT"; };
		87D95D75543E27D068DE6298 = {isa = PBXFileReference; lastKnownFileType = sourcecode.cpp.objcpp; name = "include_juce_gui_basics.mm"; path = "../../JuceLibraryCode/include_juce_gui_basics.mm"; sourceTree = "SOURCE_ROOT"; };
		88E7C03B589EC9C1A248773B = {isa = PBXFileReference; lastKnownFileType = wrapper.framework; name = Accelerate.framework; path = System/Library/Frameworks/Accelerate.framework; sourceTree = SDKROOT; };
		8C53EAC233C7BD24A769EBC6 = {isa = PBXFileReference; lastKnownFileType = sourcecode.cpp.cpp; name = ControllerUI.cpp; path = ../../Source/ControllerUI.cpp; sourceTree = "SOURCE_ROOT"; };
		8F2F70809051764AD87712CF = {isa = PBXFileReference; lastKnownFileType = sourcecode.cpp.cpp; name = BinaryData.cpp; path = ../../JuceLibraryCode/BinaryData.cpp; sourceTree = "SOURCE_ROOT"; };
		915E9293459AD25E20D4C16A = {isa = PBXFileReference; lastKnownFileType = wrapper.framework; name = AVKit.framework; path = System/Library/Frameworks/AVKit.framework; sourceTree = SDKROOT; };
		94F050CA8D30F830A1A0AE9F = {isa = PBXFileReference; lastKnownFileType = sourcecode.cpp.cpp; name = Node.cpp; path = ../../Source/Node.cpp; sourceTree = "SOURCE_ROOT"; };
		98AE56C7934D59BE02CF9823 = {isa = PBXFileReference; lastKnownFileType = sourcecode.cpp.objcpp; name = "include_juce_audio_basics.mm"; path = "../../JuceLibraryCode/include_juce_audio_basics.mm"; sourceTree = "SOURCE_ROOT"; };
		990B80C65DC5A91DB67ADFE0 = {isa = PBXFileReference; lastKnownFileType = image.png; name = transparent.png; path = ../../Resources/transparent.png; sourceTree = "SOURCE_ROOT"; };
		9D2C41C57A04691063873EDB = {isa = PBXFileReference; lastKnownFileType = wrapper.framework; name = AVFoundation.framework; path = System/Library/Frameworks/AVFoundation.framework; sourceTree = SDKROOT; };
		9DF4B872B09E919C88C53DF6 = {isa = PBXFileReference; lastKnownFileType = sourcecode.c.h; name = ControllerUI.h; path = ../../Source/ControllerUI.h; sourceTree = "SOURCE_ROOT"; };
		9E9EA82576F55C5EE678D513 = {isa = PBXFileReference; lastKnownFileType = sourcecode.c.h; name = Controller.h; path = ../../Source/Controller.h; sourceTree = "SOURCE_ROOT"; };
		9ECC8F634BA8DCCDAA97D27B = {isa = PBXFileReference; explicitFileType = wrapper.application; includeInIndex = 0; path = LaMoucheFolle.app; sourceTree = "BUILT_PRODUCTS_DIR"; };
		9F148078CD4AA73A92A0F356 = {isa = PBXFileReference; lastKnownFileType = sourcecode.cpp.cpp; name = DroneManager.cpp; path = ../../Source/DroneManager.cpp; sourceTree = "SOURCE_ROOT"; };
		A45E5C57ED19BF8264EE6C92 = {isa = PBXFileReference; lastKnownFileType = sourcecode.c.h; name = JuceHeader.h; path = ../../JuceLibraryCode/JuceHeader.h; sourceTree = "SOURCE_ROOT"; };
		A6B6D91F13435FF906A2468C = {isa = PBXFileReference; lastKnownFileType = sourcecode.cpp.objcpp; name = "include_juce_video.mm"; path = "../../JuceLibraryCode/include_juce_video.mm"; sourceTree = "SOURCE_ROOT"; };
		A90FE53C52440444493B27A9 = {isa = PBXFileReference; lastKnownFileType = sourcecode.cpp.cpp; name = "include_juce_organicui.cpp"; path = "../../JuceLibraryCode/include_juce_organicui.cpp"; sourceTree = "SOURCE_ROOT"; };
		AE435B799FEFD1E7A132935C = {isa = PBXFileReference; lastKnownFileType = sourcecode.c.h; name = CFAssetManager.h; path = ../../Source/CFAssetManager.h; sourceTree = "SOURCE_ROOT"; };
		B2AF7445E8455C7BEA3E14B5 = {isa = PBXFileReference; lastKnownFileType = sourcecode.c.h; name = BinaryData.h; path = ../../JuceLibraryCode/BinaryData.h; sourceTree = "SOURCE_ROOT"; };
		B4BE8374C63DBFD6B2668221 = {isa = PBXFileReference; lastKnownFileType = sourcecode.c.h; name = DroneManager.h; path = ../../Source/DroneManager.h; sourceTree = "SOURCE_ROOT"; };
		B6ED0BCF5C033A2AB1D599CB = {isa = PBXFileReference; lastKnownFileType = sourcecode.cpp.cpp; name = OSCController.cpp; path = ../../Source/OSCController.cpp; sourceTree = "SOURCE_ROOT"; };
		B9D97FD2E841A123DA26E679 = {isa = PBXFileReference; lastKnownFileType = sourcecode.cpp.objcpp; name = "include_juce_cryptography.mm"; path = "../../JuceLibraryCode/include_juce_cryptography.mm"; sourceTree = "SOURCE_ROOT"; };
		BA7C85773CB441FC7A95DA54 = {isa = PBXFileReference; lastKnownFileType = sourcecode.cpp.cpp; name = NodeManagerUI.cpp; path = ../../Source/NodeManagerUI.cpp; sourceTree = "SOURCE_ROOT"; };
		BACA85788C197E487BACC45F = {isa = PBXFileReference; lastKnownFileType = wrapper.framework; name = CoreMedia.framework; path = System/Library/Frameworks/CoreMedia.framework; sourceTree = SDKROOT; };
		BD0B097E1743608C15CF25BC = {isa = PBXFileReference; lastKnownFileType = sourcecode.c.h; name = CFEngine.h; path = ../../Source/CFEngine.h; sourceTree = "SOURCE_ROOT"; };
		BECDA89E42EBF18B0164BF2D = {isa = PBXFileReference; lastKnownFileType = file; name = "juce_osc"; path = "~/JUCE/modules/juce_osc"; sourceTree = "<absolute>"; };
		BF4329477227D189AFB4CC14 = {isa = PBXFileReference; lastKnownFileType = file; name = "juce_video"; path = "~/JUCE/modules/juce_video"; sourceTree = "<absolute>"; };
		C3A9FC606582CB33B6E5F630 = {isa = PBXFileReference; lastKnownFileType = sourcecode.cpp.cpp; name = USBDevice.cpp; path = "../../External/crazyflie_cpp/src/USBDevice.cpp"; sourceTree = "SOURCE_ROOT"; };
		C50AB0BFAD239F5CA57876B8 = {isa = PBXFileReference; lastKnownFileType = wrapper.framework; name = Carbon.framework; path = System/Library/Frameworks/Carbon.framework; sourceTree = SDKROOT; };
		C9E2BC8F160B9A37104CBF4D = {isa = PBXFileReference; lastKnownFileType = file; name = "juce_graphics"; path = "~/JUCE/modules/juce_graphics"; sourceTree = "<absolute>"; };
		CBC22A6721192315790D5B1C = {isa = PBXFileReference; lastKnownFileType = sourcecode.c.h; name = NodeManagerUI.h; path = ../../Source/NodeManagerUI.h; sourceTree = "SOURCE_ROOT"; };
		CFA9734E95A17D7CF054BBFE = {isa = PBXFileReference; lastKnownFileType = file; name = "juce_organicui"; path = "../../../JUCE Modules/juce_organicui"; sourceTree = "SOURCE_ROOT"; };
		D2B399F88D0D144392D40161 = {isa = PBXFileReference; lastKnownFileType = sourcecode.c.h; name = DroneUI.h; path = ../../Source/DroneUI.h; sourceTree = "SOURCE_ROOT"; };
		D67EE33CBB779AF526AB0613 = {isa = PBXFileReference; lastKnownFileType = wrapper.framework; name = IOKit.framework; path = System/Library/Frameworks/IOKit.framework; sourceTree = SDKROOT; };
		D7B795EF52B875F87F8ED44A = {isa = PBXFileReference; lastKnownFileType = file.cflayout; name = default.cflayout; path = ../../Resources/default.cflayout; sourceTree = "SOURCE_ROOT"; };
		E44B87C8FE990E95EAE69EDD = {isa = PBXFileReference; lastKnownFileType = sourcecode.cpp.cpp; name = MainComponent.cpp; path = ../../Source/MainComponent.cpp; sourceTree = "SOURCE_ROOT"; };
		E9830948A54E5C7CDB55E97C = {isa = PBXFileReference; lastKnownFileType = sourcecode.c.h; name = MainComponent.h; path = ../../Source/MainComponent.h; sourceTree = "SOURCE_ROOT"; };
		EB833440BAC0D968DBC75810 = {isa = PBXFileReference; lastKnownFileType = file; name = "juce_audio_devices"; path = "~/JUCE/modules/juce_audio_devices"; sourceTree = "<absolute>"; };
		ED9B899333E4D52C8213673A = {isa = PBXFileReference; lastKnownFileType = file; name = "juce_cryptography"; path = "~/JUCE/modules/juce_cryptography"; sourceTree = "<absolute>"; };
		F424423A60A0C3E9A8A3927E = {isa = PBXFileReference; lastKnownFileType = sourcecode.c.h; name = Main.h; path = ../../Source/Main.h; sourceTree = "SOURCE_ROOT"; };
		F651E04705F1374405AF156E = {isa = PBXFileReference; lastKnownFileType = sourcecode.c.h; name = AppConfig.h; path = ../../JuceLibraryCode/AppConfig.h; sourceTree = "SOURCE_ROOT"; };
		F7BD64E507B5039604E28102 = {isa = PBXFileReference; lastKnownFileType = file.nib; name = RecentFilesMenuTemplate.nib; path = RecentFilesMenuTemplate.nib; sourceTree = "SOURCE_ROOT"; };
		F80350BC2B7017CB8A7381A9 = {isa = PBXFileReference; lastKnownFileType = sourcecode.cpp.cpp; name = DroneUI.cpp; path = ../../Source/DroneUI.cpp; sourceTree = "SOURCE_ROOT"; };
		F93C69500917788E78E4B33A = {isa = PBXFileReference; lastKnownFileType = sourcecode.cpp.objcpp; name = "include_juce_audio_processors.mm"; path = "../../JuceLibraryCode/include_juce_audio_processors.mm"; sourceTree = "SOURCE_ROOT"; };
		FA24C6905D2B6A89E5AABF52 = {isa = PBXFileReference; lastKnownFileType = sourcecode.cpp.cpp; name = Drone.cpp; path = ../../Source/Drone.cpp; sourceTree = "SOURCE_ROOT"; };
		FE75487D663193504E29ABBF = {isa = PBXFileReference; lastKnownFileType = sourcecode.cpp.cpp; name = MainComponentCommands.cpp; path = ../../Source/MainComponentCommands.cpp; sourceTree = "SOURCE_ROOT"; };
		265E8F76B30F2A6321C5180B = {isa = PBXGroup; children = (
					0492A05F6339091CD6B798FE,
					D7B795EF52B875F87F8ED44A,
					2B1E16F89177D3F0FE97786C,
					2CAE68FBF417A43E563E1FA7,
					43CD8D02A2A6D3FCAEA3B8E5,
					1669B95BDB765A126F51FE63,
					1A30DB5287C93D9403174375,
					990B80C65DC5A91DB67ADFE0, ); name = Resources; sourceTree = "<group>"; };
		8C3A9796552E22A5B51EFA72 = {isa = PBXGroup; children = (
					02A7CEEE51BE6BC5FA72F833,
					AE435B799FEFD1E7A132935C, ); name = UI; sourceTree = "<group>"; };
		376C6762272C02D6E6DB101D = {isa = PBXGroup; children = (
					4EAE7347DD8A2ADF784EDFDA,
					13866FB030F26BB5A0D81964,
					8C53EAC233C7BD24A769EBC6,
					9DF4B872B09E919C88C53DF6, ); name = ui; sourceTree = "<group>"; };
		73EF06C217DBAA7A983DCB5B = {isa = PBXGroup; children = (
					B6ED0BCF5C033A2AB1D599CB,
					43C51CCF24F41E6909D942F4, ); name = OSCController; sourceTree = "<group>"; };
		2A1A1DBE709157CDCF762203 = {isa = PBXGroup; children = (
					376C6762272C02D6E6DB101D,
					73EF06C217DBAA7A983DCB5B,
					352CE1F83AB7C8E480AD5C4D,
					9E9EA82576F55C5EE678D513,
					2AB90B5CE040B19374B34D02,
					82AE44E06C637FC1F213F3AB, ); name = Controller; sourceTree = "<group>"; };
		DA907BE10739449A9C862AAE = {isa = PBXGroup; children = (
					34E6ECE1AFBD99970BBF85C3,
					54AA7A54EB6D23030D2E15C1,
					2D39D2EC94D3A4A24086EC1F,
					C3A9FC606582CB33B6E5F630, ); name = lib; sourceTree = "<group>"; };
		7BDE80A798925A6D703CF2E5 = {isa = PBXGroup; children = (
					3B8586D33636DD23122E81FA,
					1C46417D82FEC76F82BC55AC,
					F80350BC2B7017CB8A7381A9,
					D2B399F88D0D144392D40161, ); name = ui; sourceTree = "<group>"; };
		AA3CAE3C7F9AB6F4C1D9FCFB = {isa = PBXGroup; children = (
					DA907BE10739449A9C862AAE,
					7BDE80A798925A6D703CF2E5,
					FA24C6905D2B6A89E5AABF52,
					39D785222A20EFF1C1638E09,
					9F148078CD4AA73A92A0F356,
					B4BE8374C63DBFD6B2668221, ); name = Drone; sourceTree = "<group>"; };
		B86E8777F100D2FA062CC514 = {isa = PBXGroup; children = (
					BA7C85773CB441FC7A95DA54,
					CBC22A6721192315790D5B1C, ); name = ui; sourceTree = "<group>"; };
		09EFD4A4364CE22EA4E76837 = {isa = PBXGroup; children = (
					B86E8777F100D2FA062CC514,
					94F050CA8D30F830A1A0AE9F,
					1FF9F2612BC7BCCECDB0D008,
					411144CD68520452E2A5669F,
					2A0F1D51F223D53216E2EDBA, ); name = Node; sourceTree = "<group>"; };
		ADFB9A01CDEB24C12B646C04 = {isa = PBXGroup; children = (
					8C3A9796552E22A5B51EFA72,
					2A1A1DBE709157CDCF762203,
					AA3CAE3C7F9AB6F4C1D9FCFB,
					09EFD4A4364CE22EA4E76837,
					0BFE01274504C77A429F7500,
					BD0B097E1743608C15CF25BC,
					F424423A60A0C3E9A8A3927E,
					10BB2AD5BAE0D3E3634B5103,
					E9830948A54E5C7CDB55E97C,
					E44B87C8FE990E95EAE69EDD,
					FE75487D663193504E29ABBF, ); name = Source; sourceTree = "<group>"; };
		BB1626C7B4DFC636BBE4B36E = {isa = PBXGroup; children = (
					265E8F76B30F2A6321C5180B,
					ADFB9A01CDEB24C12B646C04, ); name = LaMoucheFolle; sourceTree = "<group>"; };
		4026F3936342505A69CEA44F = {isa = PBXGroup; children = (
					20707D95B4D008E29B61BD2D,
					EB833440BAC0D968DBC75810,
					538543D3C37ADE2E2F905036,
					6C63EA0C8C410A78B9C73F56,
					3CBA55AF4193EE6B295441C4,
					ED9B899333E4D52C8213673A,
					3FF2C3F58F52F330522D0668,
					53A7A8C9B7316274BB9AD6EE,
					C9E2BC8F160B9A37104CBF4D,
					2B60B8723C59F16360F87EFB,
					7CEBA6BF09EDF44BC790D542,
					20623FAE2B18AA0A4AAD6639,
					CFA9734E95A17D7CF054BBFE,
					BECDA89E42EBF18B0164BF2D,
					BF4329477227D189AFB4CC14, ); name = "JUCE Modules"; sourceTree = "<group>"; };
		6340593DDD4651830EB24487 = {isa = PBXGroup; children = (
					F651E04705F1374405AF156E,
					8F2F70809051764AD87712CF,
					B2AF7445E8455C7BEA3E14B5,
					98AE56C7934D59BE02CF9823,
					80AEC2299D7DEA3414D133BC,
					0FE2B20D023E41D078201B5D,
					F93C69500917788E78E4B33A,
					27580A31B9857FE6D28B79CB,
					B9D97FD2E841A123DA26E679,
					3F4BF606436C8AADE548E26A,
					7BED591483DCC003A743FD35,
					1AB985901D87B36A0B043C5F,
					87D95D75543E27D068DE6298,
					4803A9E9F3306C8EF39807D9,
					47849CE88A5B9BE0F0F28CCD,
					A90FE53C52440444493B27A9,
					060B33AD1C6B7ECC8418B30A,
					A6B6D91F13435FF906A2468C,
					A45E5C57ED19BF8264EE6C92, ); name = "JUCE Library Code"; sourceTree = "<group>"; };
		18FD2A226C9D8FA8AAACCC78 = {isa = PBXGroup; children = (
					5F232DD202EF2835DA243EBC,
					F7BD64E507B5039604E28102,
					834322CC86758FD6926F05DB, ); name = Resources; sourceTree = "<group>"; };
		03331CB3EEC1C1385BEEBC9C = {isa = PBXGroup; children = (
					88E7C03B589EC9C1A248773B,
					6B443605FFCFE8FA6F0DEDE8,
					9D2C41C57A04691063873EDB,
					915E9293459AD25E20D4C16A,
					C50AB0BFAD239F5CA57876B8,
					200F888B984C74D821CC65A0,
					275491F8B24944C5ABDFCE09,
					BACA85788C197E487BACC45F,
					15A8663D07A91926F0DEFBE4,
					D67EE33CBB779AF526AB0613,
					039D5D779295E222BC2B1ECE,
					5586A477269E9B9C1EA8B30A,
					7A8148780D7C55675B0D64D5, ); name = Frameworks; sourceTree = "<group>"; };
		D30C00F38B4CD759FA882801 = {isa = PBXGroup; children = (
					9ECC8F634BA8DCCDAA97D27B, ); name = Products; sourceTree = "<group>"; };
		C58D6D6E7654233F2D878093 = {isa = PBXGroup; children = (
					BB1626C7B4DFC636BBE4B36E,
					4026F3936342505A69CEA44F,
					6340593DDD4651830EB24487,
					18FD2A226C9D8FA8AAACCC78,
					03331CB3EEC1C1385BEEBC9C,
					D30C00F38B4CD759FA882801, ); name = Source; sourceTree = "<group>"; };
		F1E39951951B5B1176E199E7 = {isa = XCBuildConfiguration; buildSettings = {
				CLANG_CXX_LANGUAGE_STANDARD = "c++11";
				CLANG_CXX_LIBRARY = "libc++";
				CLANG_LINK_OBJC_RUNTIME = NO;
				COMBINE_HIDPI_IMAGES = YES;
				CONFIGURATION_BUILD_DIR = "$(PROJECT_DIR)/build/$(CONFIGURATION)";
				DEAD_CODE_STRIPPING = YES;
				GCC_GENERATE_DEBUGGING_SYMBOLS = NO;
				GCC_OPTIMIZATION_LEVEL = 3;
				GCC_PREPROCESSOR_DEFINITIONS = (
					"_NDEBUG=1",
					"NDEBUG=1",
					"JUCER_XCODE_MAC_F6D2F4CF=1",
					"JUCE_APP_VERSION=1.1.3",
					"JUCE_APP_VERSION_HEX=0x10103",
					"JucePlugin_Build_VST=0",
					"JucePlugin_Build_VST3=0",
					"JucePlugin_Build_AU=0",
					"JucePlugin_Build_AUv3=0",
					"JucePlugin_Build_RTAS=0",
					"JucePlugin_Build_AAX=0",
					"JucePlugin_Build_Standalone=0", );
				GCC_SYMBOLS_PRIVATE_EXTERN = YES;
				GCC_VERSION = com.apple.compilers.llvm.clang.1_0;
				HEADER_SEARCH_PATHS = ("../../JuceLibraryCode", "~/JUCE/modules", "\"../../../JUCE Modules\"", "../../External/crazyflie_cpp/include/crazyflie_cpp", "../../External/libusb/include", "$(inherited)");
				INFOPLIST_FILE = Info-App.plist;
				INFOPLIST_PREPROCESS = NO;
				INSTALL_PATH = "$(HOME)/Applications";
				LIBRARY_SEARCH_PATHS = ("$(inherited)", "\"../../External/libusb/osx\"");
				LLVM_LTO = YES;
				MACOSX_DEPLOYMENT_TARGET = 10.11;
				MACOSX_DEPLOYMENT_TARGET_ppc = 10.4;
				OTHER_LDFLAGS = "-lusb-1.0";
				PRODUCT_BUNDLE_IDENTIFIER = com.yourcompany.CrazyflieServer;
				SDKROOT_ppc = macosx10.5;
				USE_HEADERMAP = NO; }; name = Release; };
		CBBF742C22F1FB2E56D22F4E = {isa = XCBuildConfiguration; buildSettings = {
				CLANG_CXX_LANGUAGE_STANDARD = "c++11";
				CLANG_CXX_LIBRARY = "libc++";
				CLANG_LINK_OBJC_RUNTIME = NO;
				COMBINE_HIDPI_IMAGES = YES;
				CONFIGURATION_BUILD_DIR = "$(PROJECT_DIR)/build/$(CONFIGURATION)";
				COPY_PHASE_STRIP = NO;
				GCC_DYNAMIC_NO_PIC = NO;
				GCC_OPTIMIZATION_LEVEL = 0;
				GCC_PREPROCESSOR_DEFINITIONS = (
					"_DEBUG=1",
					"DEBUG=1",
					"JUCER_XCODE_MAC_F6D2F4CF=1",
					"JUCE_APP_VERSION=1.1.3",
					"JUCE_APP_VERSION_HEX=0x10103",
					"JucePlugin_Build_VST=0",
					"JucePlugin_Build_VST3=0",
					"JucePlugin_Build_AU=0",
					"JucePlugin_Build_AUv3=0",
					"JucePlugin_Build_RTAS=0",
					"JucePlugin_Build_AAX=0",
					"JucePlugin_Build_Standalone=0", );
				GCC_VERSION = com.apple.compilers.llvm.clang.1_0;
				HEADER_SEARCH_PATHS = ("../../JuceLibraryCode", "~/JUCE/modules", "\"../../../JUCE Modules\"", "../../External/crazyflie_cpp/include/crazyflie_cpp", "../../External/libusb/include", "$(inherited)");
				INFOPLIST_FILE = Info-App.plist;
				INFOPLIST_PREPROCESS = NO;
				INSTALL_PATH = "$(HOME)/Applications";
				LIBRARY_SEARCH_PATHS = ("$(inherited)", "\"../../External/libusb/osx\"");
				MACOSX_DEPLOYMENT_TARGET = 10.11;
				MACOSX_DEPLOYMENT_TARGET_ppc = 10.4;
				OTHER_LDFLAGS = "-lusb-1.0";
				PRODUCT_BUNDLE_IDENTIFIER = com.yourcompany.CrazyflieServer;
				SDKROOT_ppc = macosx10.5;
				USE_HEADERMAP = NO; }; name = Debug; };
		44E88B97227853635E5D298F = {isa = XCBuildConfiguration; buildSettings = {
				ALWAYS_SEARCH_USER_PATHS = NO;
				CLANG_WARN_BLOCK_CAPTURE_AUTORELEASING = YES;
				CLANG_WARN_BOOL_CONVERSION = YES;
				CLANG_WARN_COMMA = YES;
				CLANG_WARN_CONSTANT_CONVERSION = YES;
				CLANG_WARN_EMPTY_BODY = YES;
				CLANG_WARN_ENUM_CONVERSION = YES;
				CLANG_WARN_INFINITE_RECURSION = YES;
				CLANG_WARN_INT_CONVERSION = YES;
				CLANG_WARN_NON_LITERAL_NULL_CONVERSION = YES;
				CLANG_WARN_OBJC_LITERAL_CONVERSION = YES;
				CLANG_WARN_RANGE_LOOP_ANALYSIS = YES;
				CLANG_WARN_STRICT_PROTOTYPES = YES;
				CLANG_WARN_SUSPICIOUS_MOVE = YES;
				CLANG_WARN_UNREACHABLE_CODE = YES;
				CLANG_WARN__DUPLICATE_METHOD_MATCH = YES;
				DEBUG_INFORMATION_FORMAT = "dwarf";
				ENABLE_STRICT_OBJC_MSGSEND = YES;
				GCC_C_LANGUAGE_STANDARD = c11;
				GCC_INLINES_ARE_PRIVATE_EXTERN = YES;
				GCC_MODEL_TUNING = G5;
				GCC_NO_COMMON_BLOCKS = YES;
				GCC_WARN_64_TO_32_BIT_CONVERSION = YES;
				GCC_WARN_ABOUT_RETURN_TYPE = YES;
				GCC_WARN_CHECK_SWITCH_STATEMENTS = YES;
				GCC_WARN_MISSING_PARENTHESES = YES;
				GCC_WARN_NON_VIRTUAL_DESTRUCTOR = YES;
				GCC_WARN_TYPECHECK_CALLS_TO_PRINTF = YES;
				GCC_WARN_UNDECLARED_SELECTOR = YES;
				GCC_WARN_UNINITIALIZED_AUTOS = YES;
				GCC_WARN_UNUSED_FUNCTION = YES;
				GCC_WARN_UNUSED_VARIABLE = YES;
				PRODUCT_NAME = "LaMoucheFolle";
				WARNING_CFLAGS = -Wreorder;
				ZERO_LINK = NO; }; name = Release; };
		8720BE4DDC79171E367A8DE7 = {isa = XCBuildConfiguration; buildSettings = {
				ALWAYS_SEARCH_USER_PATHS = NO;
				CLANG_WARN_BLOCK_CAPTURE_AUTORELEASING = YES;
				CLANG_WARN_BOOL_CONVERSION = YES;
				CLANG_WARN_COMMA = YES;
				CLANG_WARN_CONSTANT_CONVERSION = YES;
				CLANG_WARN_EMPTY_BODY = YES;
				CLANG_WARN_ENUM_CONVERSION = YES;
				CLANG_WARN_INFINITE_RECURSION = YES;
				CLANG_WARN_INT_CONVERSION = YES;
				CLANG_WARN_NON_LITERAL_NULL_CONVERSION = YES;
				CLANG_WARN_OBJC_LITERAL_CONVERSION = YES;
				CLANG_WARN_RANGE_LOOP_ANALYSIS = YES;
				CLANG_WARN_STRICT_PROTOTYPES = YES;
				CLANG_WARN_SUSPICIOUS_MOVE = YES;
				CLANG_WARN_UNREACHABLE_CODE = YES;
				CLANG_WARN__DUPLICATE_METHOD_MATCH = YES;
				DEBUG_INFORMATION_FORMAT = "dwarf";
				ENABLE_STRICT_OBJC_MSGSEND = YES;
				ENABLE_TESTABILITY = YES;
				GCC_C_LANGUAGE_STANDARD = c11;
				GCC_INLINES_ARE_PRIVATE_EXTERN = YES;
				GCC_MODEL_TUNING = G5;
				GCC_NO_COMMON_BLOCKS = YES;
				GCC_WARN_64_TO_32_BIT_CONVERSION = YES;
				GCC_WARN_ABOUT_RETURN_TYPE = YES;
				GCC_WARN_CHECK_SWITCH_STATEMENTS = YES;
				GCC_WARN_MISSING_PARENTHESES = YES;
				GCC_WARN_NON_VIRTUAL_DESTRUCTOR = YES;
				GCC_WARN_TYPECHECK_CALLS_TO_PRINTF = YES;
				GCC_WARN_UNDECLARED_SELECTOR = YES;
				GCC_WARN_UNINITIALIZED_AUTOS = YES;
				GCC_WARN_UNUSED_FUNCTION = YES;
				GCC_WARN_UNUSED_VARIABLE = YES;
				ONLY_ACTIVE_ARCH = YES;
				PRODUCT_NAME = "LaMoucheFolle";
				WARNING_CFLAGS = -Wreorder;
				ZERO_LINK = NO; }; name = Debug; };
		A65034A0385FCBB391E38B7B = {isa = PBXTargetDependency; target = E383067F8B317E4B9E001E1A; };
		79C14C72552F16E337D87559 = {isa = XCConfigurationList; buildConfigurations = (
					44E88B97227853635E5D298F,
					8720BE4DDC79171E367A8DE7, ); defaultConfigurationIsVisible = 0; defaultConfigurationName = Release; };
		525F04CD5ECCAD1E92ABA355 = {isa = XCConfigurationList; buildConfigurations = (
					F1E39951951B5B1176E199E7,
					CBBF742C22F1FB2E56D22F4E, ); defaultConfigurationIsVisible = 0; defaultConfigurationName = Release; };
		5CC7523E12A4AE1871D60F8D = {isa = PBXResourcesBuildPhase; buildActionMask = 2147483647; files = (
					351948990CB081F43E1F7493,
					BC658EBBC1C9A5A3A175EDBC, ); runOnlyForDeploymentPostprocessing = 0; };
		A4595417BA7FD2131C02BC13 = {isa = PBXSourcesBuildPhase; buildActionMask = 2147483647; files = (
					2B0B58A2874DD4D6967EEAB2,
					EABDD8496552707F6ADEEDFC,
					7F006F479151DDF2D0C5C34F,
					0E09FCED8020D587D42DC3CA,
					FDB97770F8B69BC2E7D40F30,
					C53713C3A0FCFBFF4D58A343,
					1741E8A4AC797CAE799BCC8B,
					D0ED9F6E31488870F3A092F3,
					22F3FA43F882CB7E3A2DCDF3,
					524900B0AC9DA5D435A3F48D,
					05C83B4CCCF640ED88F457E5,
					17088932505971DFA8FC61B2,
					EC140A07E9FD6D1C07B4381E,
					B677EE771299C66C4FF4DB08,
					2C03A47DEA7336D80050AB9C,
					3F1A3229BEDFC430235C0114,
					FFD5767BB17ACF62BE35F337,
					89B59F8C6D3C3D84171C7667,
					7E250DA3B0A716A8FD1E8BD3,
					E25F272B93FE7FB319788F1F,
					5730B38EE89652E214E6BCFC,
					1EFADFE8F5C1C6F541BA7D6F,
					7AEA30449C99386381F06ED6,
					44A258DE8EB9F01EA05D5EB9,
					513F36BC4066C22DC1599488,
					CFCB24AC309623ACAD3369FA,
					471DD23D0330A0045C3F092C,
					472939236C4E51CA5EA48EA1,
					B266467C20356373E03423E8,
					F9A30F3EEF7667372AD460F0,
					DE4D339B701CD08478D0D3B6,
					2E1451BFB686340411B003D1,
					7FFAE439A74757A8D32F476A,
					3C7057A5C489065ACD7B0AF6,
					64ABA8379D2D22574E42627A,
					3FE47CD83047A07F5E4E4A74,
					3E0EE1AEE841A43166B4452D, ); runOnlyForDeploymentPostprocessing = 0; };
		DE520A644ADAC4142ED16CB9 = {isa = PBXFrameworksBuildPhase; buildActionMask = 2147483647; files = (
					C56644A59EF140DD8E6C0F93,
					43C0C7207D6AFBD70EB12075,
					324C9893041A6A169214329D,
					950660AF64B42E6539397A28,
					CD191D4EAABC0C718742477C,
					83FDA667CD13FEF6B58B66B2,
					FA7D3D9F764DC9C81399B11A,
					2EC721F1FFB42CB7D24A80CB,
					5C8083AD7F1B16EAAD1E3C9F,
					AE59FA2840054DF3239182B4,
					19528EA09539D2BCFF68635F,
					7B290AE36D609BACF6EEDE8D,
					526ED22BE2FE741857A763D4, ); runOnlyForDeploymentPostprocessing = 0; };
		E383067F8B317E4B9E001E1A = {isa = PBXNativeTarget; buildConfigurationList = 525F04CD5ECCAD1E92ABA355; buildPhases = (
					5CC7523E12A4AE1871D60F8D,
					A4595417BA7FD2131C02BC13,
					DE520A644ADAC4142ED16CB9, ); buildRules = ( ); dependencies = (  ); name = "LaMoucheFolle - App"; productName = LaMoucheFolle; productReference = 9ECC8F634BA8DCCDAA97D27B; productType = "com.apple.product-type.application"; };
		7E8D3B6315B0EDD9A9B0191D = {isa = PBXProject; buildConfigurationList = 79C14C72552F16E337D87559; attributes = { LastUpgradeCheck = 0930; ORGANIZATIONNAME = ""; TargetAttributes = { E383067F8B317E4B9E001E1A = { SystemCapabilities = {com.apple.ApplicationGroups.iOS = { enabled = 0; }; com.apple.InAppPurchase = { enabled = 0; }; com.apple.InterAppAudio = { enabled = 0; }; com.apple.Push = { enabled = 0; }; com.apple.Sandbox = { enabled = 0; }; }; }; }; }; compatibilityVersion = "Xcode 3.2"; hasScannedForEncodings = 0; mainGroup = C58D6D6E7654233F2D878093; projectDirPath = ""; projectRoot = ""; targets = (E383067F8B317E4B9E001E1A); };
	};
	rootObject = 7E8D3B6315B0EDD9A9B0191D;
}
